
Microsoft Visual Studio Solution File, Format Version 12.00
# Visual Studio Version 17
VisualStudioVersion = 17.0.31903.59
MinimumVisualStudioVersion = 10.0.40219.1
Project("{FAE04EC0-301F-11D3-BF4B-00C04F79EFBC}") = "PagePulse.Api", "PagePulse.Api\PagePulse.Api.csproj", "{7B38628B-2EC4-46A8-B165-11FB3FA4CE79}"
EndProject
Project("{FAE04EC0-301F-11D3-BF4B-00C04F79EFBC}") = "PagePulse.Tests", "PagePulse.Tests\PagePulse.Tests.csproj", "{BF94D624-8CA7-4956-A71F-43657748C732}"
EndProject
Project("{2150E333-8FDC-42A3-9474-1A3956D46DE8}") = "Solution Items", "Solution Items", "{8EC462FD-D22E-90A8-E5CE-7E832BA40C5D}"
	ProjectSection(SolutionItems) = preProject
		README.md = README.md
		render.yaml = render.yaml
	EndProjectSection
EndProject
Global
	GlobalSection(SolutionConfigurationPlatforms) = preSolution
		Debug|Any CPU = Debug|Any CPU
		Debug|x64 = Debug|x64
		Debug|x86 = Debug|x86
		Release|Any CPU = Release|Any CPU
		Release|x64 = Release|x64
		Release|x86 = Release|x86
	EndGlobalSection
	GlobalSection(ProjectConfigurationPlatforms) = postSolution
		{7B38628B-2EC4-46A8-B165-11FB3FA4CE79}.Debug|Any CPU.ActiveCfg = Debug|Any CPU
		{7B38628B-2EC4-46A8-B165-11FB3FA4CE79}.Debug|Any CPU.Build.0 = Debug|Any CPU
		{7B38628B-2EC4-46A8-B165-11FB3FA4CE79}.Debug|x64.ActiveCfg = Debug|Any CPU
		{7B38628B-2EC4-46A8-B165-11FB3FA4CE79}.Debug|x64.Build.0 = Debug|Any CPU
		{7B38628B-2EC4-46A8-B165-11FB3FA4CE79}.Debug|x86.ActiveCfg = Debug|Any CPU
		{7B38628B-2EC4-46A8-B165-11FB3FA4CE79}.Debug|x86.Build.0 = Debug|Any CPU
		{7B38628B-2EC4-46A8-B165-11FB3FA4CE79}.Release|Any CPU.ActiveCfg = Release|Any CPU
		{7B38628B-2EC4-46A8-B165-11FB3FA4CE79}.Release|Any CPU.Build.0 = Release|Any CPU
		{7B38628B-2EC4-46A8-B165-11FB3FA4CE79}.Release|x64.ActiveCfg = Release|Any CPU
		{7B38628B-2EC4-46A8-B165-11FB3FA4CE79}.Release|x64.Build.0 = Release|Any CPU
		{7B38628B-2EC4-46A8-B165-11FB3FA4CE79}.Release|x86.ActiveCfg = Release|Any CPU
		{7B38628B-2EC4-46A8-B165-11FB3FA4CE79}.Release|x86.Build.0 = Release|Any CPU
		{BF94D624-8CA7-4956-A71F-43657748C732}.Debug|Any CPU.ActiveCfg = Debug|Any CPU
		{BF94D624-8CA7-4956-A71F-43657748C732}.Debug|Any CPU.Build.0 = Debug|Any CPU
		{BF94D624-8CA7-4956-A71F-43657748C732}.Debug|x64.ActiveCfg = Debug|Any CPU
		{BF94D624-8CA7-4956-A71F-43657748C732}.Debug|x64.Build.0 = Debug|Any CPU
		{BF94D624-8CA7-4956-A71F-43657748C732}.Debug|x86.ActiveCfg = Debug|Any CPU
		{BF94D624-8CA7-4956-A71F-43657748C732}.Debug|x86.Build.0 = Debug|Any CPU
		{BF94D624-8CA7-4956-A71F-43657748C732}.Release|Any CPU.ActiveCfg = Release|Any CPU
		{BF94D624-8CA7-4956-A71F-43657748C732}.Release|Any CPU.Build.0 = Release|Any CPU
		{BF94D624-8CA7-4956-A71F-43657748C732}.Release|x64.ActiveCfg = Release|Any CPU
		{BF94D624-8CA7-4956-A71F-43657748C732}.Release|x64.Build.0 = Release|Any CPU
		{BF94D624-8CA7-4956-A71F-43657748C732}.Release|x86.ActiveCfg = Release|Any CPU
		{BF94D624-8CA7-4956-A71F-43657748C732}.Release|x86.Build.0 = Release|Any CPU
	EndGlobalSection
	GlobalSection(SolutionProperties) = preSolution
		HideSolutionNode = FALSE
	EndGlobalSection
	GlobalSection(ExtensibilityGlobals) = postSolution
		SolutionGuid = {031C2F99-ABA0-402C-989C-27EA7A28E206}
	EndGlobalSection
EndGlobal
